{
  "name": "newsroom-photo-stylizer",
  "version": "0.1.0",
  "lockfileVersion": 3,
  "requires": true,
  "packages": {
    "": {
      "name": "newsroom-photo-stylizer",
      "version": "0.1.0",
      "dependencies": {
        "react": "^18.2.0",
        "react-dom": "^18.2.0"
      },
      "devDependencies": {
        "autoprefixer": "^10.4.16",
        "postcss": "^8.4.31",
        "react-scripts": "5.0.1",
        "tailwindcss": "^3.3.3"
      }
    },
    "node_modules/autoprefixer": {
      "version": "10.4.16",
      "resolved": "https://registry.npmjs.org/autoprefixer/-/autoprefixer-10.4.16.tgz",
      "integrity": "sha512-g+jPBuJoO2j0g527hCBin1f02m22x22o2aCCf4P4zV2A3A4H6S/s2y98Qd1XvPAC2n+sPZpB2naWnda2g==",
      "dev": true,
      "dependencies": {
        "browserslist": "^4.21.10",
        "caniuse-lite": "^1.0.30001551",
        "fraction.js": "^4.2.0",
        "normalize-range": "^0.1.2",
        "picocolors": "^1.0.0",
        "postcss-value-parser": "^4.2.0"
      },
      "bin": {
        "autoprefixer": "bin/autoprefixer"
      },
      "engines": {
        "node": "^10 || ^12 || >=14"
      },
      "funding": {
        "type": "opencollective",
        "url": "https://opencollective.com/postcss/"
      },
      "peerDependencies": {
        "postcss": "^8.1.0"
      }
    },
    "node_modules/postcss": {
      "version": "8.4.31",
      "resolved": "https://registry.npmjs.org/postcss/-/postcss-8.4.31.tgz",
      "integrity": "sha512-PS02kK1AoIe22a21SoeCzT6VlP59D8hL5B2QUL4hY2p0i1aLG2z/EIsnI29fLa2i2a07Fw54+sFk1kx4g==",
      "dev": true,
      "dependencies": {
        "nanoid": "^3.3.7",
        "picocolors": "^1.0.0",
        "source-map-js": "^1.0.2"
      },
      "engines": {
        "node": "^10 || ^12 || >=14"
      },
      "funding": {
        "type": "opencollective",
        "url": "https://opencollective.com/postcss/"
      }
    },
    "node_modules/react": {
      "version": "18.2.0",
      "resolved": "https://registry.npmjs.org/react/-/react-18.2.0.tgz",
      "integrity": "sha512-/3IjMdbBdnDYiConfig/ROV4Sj8cvO7pWPrBM2iXbXEBgVIwvNsBCUHQLahDroxft9ArAOR2yDTNDwmHL4g==",
      "dependencies": {
        "loose-envify": "^1.1.0"
      },
      "engines": {
        "node": ">=0.10.0"
      }
    },
    "node_modules/react-dom": {
      "version": "18.2.0",
      "resolved": "https://registry.npmjs.org/react-dom/-/react-dom-18.2.0.tgz",
      "integrity": "sha512-6IMTriUmvsjHUjNtEDudZfuDQUoWzZXh2r0S8Aa13/mX0fysGb3K12wJ+lJpM4vSAkC+9i2tmRqPBFQ4jUrCQ==",
      "dependencies": {
        "loose-envify": "^1.1.0",
        "scheduler": "^0.23.0"
      },
      "peerDependencies": {
        "react": "^18.2.0"
      }
    },
    "node_modules/react-scripts": {
      "version": "5.0.1",
      "resolved": "https://registry.npmjs.org/react-scripts/-/react-scripts-5.0.1.tgz",
      "integrity": "sha512-bASHEipyfDwe7fgo2wEDRRb4NNa+sbv5aBfVwV2Lg8wSt32W2EDr6/5eJdG3bls32w6rIZv+e+peS+y/ssw==",
      "dev": true,
      "dependencies": {
        "@babel/runtime": "7.17.9",
        "jest-watch-typeahead": "1.1.0"
      },
      "bin": {
        "react-scripts": "bin/react-scripts.js"
      },
      "engines": {
        "node": ">=14.0.0"
      },
      "peerDependencies": {
        "react": ">= 16",
        "typescript": "^3.2.1"
      },
      "peerDependenciesMeta": {
        "typescript": {
          "optional": true
        }
      }
    },
    "node_modules/tailwindcss": {
      "version": "3.3.3",
      "resolved": "https://registry.npmjs.org/tailwindcss/-/tailwindcss-3.3.3.tgz",
      "integrity": "sha512-mMd/9DQrHe8gB/P/Hk1b/wLU2djz2iMvjVb8o5qBwyYVw5L5whs2vrwBwzBcea7QvR8K2o+wGgStiE/s==",
      "dev": true,
      "dependencies": {
        "dlv": "^1.1.3",
        "fast-glob": "^3.3.0",
        "glob-parent": "^6.0.2",
        "is-glob": "^4.0.3",
        "minimist": "^1.2.8",
        "normalize-path": "^3.0.0",
        "object-hash": "^3.0.0",
        "picocolors": "^1.0.0",
        "postcss-import": "^15.1.0",
        "postcss-js": "^4.0.1",
        "postcss-nested": "^6.0.1",
        "postcss-selector-parser": "^6.0.13",
        "resolve": "^1.22.4",
        "sucrase": "^3.34.0"
      },
      "bin": {
        "tailwind": "lib/cli.js",
        "tailwindcss": "lib/cli.js"
      },
      "engines": {
        "node": ">=14.0.0"
      },
      "peerDependencies": {
        "postcss": "^8.0.0"
      }
    }
  }
}
