{
  "name": "newsroom-photo-stylizer",
  "version": "0.1.0",
  "lockfileVersion": 3,
  "requires": true,
  "packages": {
    "": {
      "name": "newsroom-photo-stylizer",
      "version": "0.1.0",
      "dependencies": {
        "react": "^18.2.0",
        "react-dom": "^18.2.0",
        "tailwindcss": "^3.3.3"
      },
      "devDependencies": {
        "react-scripts": "5.0.1"
      }
    },
    "node_modules/@babel/runtime": {
      "version": "7.24.0",
      "resolved": "https://registry.npmjs.org/@babel/runtime/-/runtime-7.24.0.tgz",
      "integrity": "sha512-p+AS7P/3v69N4f20i2H712s9e74e42k/i2rI5P9t2i4woqCCXwUaTtrrCCbDAF2PzODx7btkYEl2g==",
      "dev": true,
      "dependencies": {
        "regenerator-runtime": "^0.14.0"
      },
      "engines": {
        "node": ">=6.9.0"
      }
    },
    "node_modules/jest-watch-typeahead": {
      "version": "1.1.0",
      "resolved": "https://registry.npmjs.org/jest-watch-typeahead/-/jest-watch-typeahead-1.1.0.tgz",
      "integrity": "sha512-Va23x2e/x2a2eK34sM491c324yR+3wPlx4k2bPK3L1/3aT3eZ823m3dtv+sT1sFK52aVUNH32bQsg==",
      "dev": true,
      "dependencies": {
        "ansi-escapes": "^4.3.1",
        "chalk": "^4.1.0",
        "string-length": "^4.0.1"
      },
      "engines": {
        "node": ">=10.16.0"
      }
    },
    "node_modules/loose-envify": {
      "version": "1.4.0",
      "resolved": "https://registry.npmjs.org/loose-envify/-/loose-envify-1.4.0.tgz",
      "integrity": "sha512-lyuxPGr/Wfhrlem2CL/UcnUc1zcqKA3a2fzA6ErGDYitctHU1E5RKYLUPdQoHBbe6p9AnPGDDsvsh/cib6sOTA==",
      "dependencies": {
        "js-tokens": "^3.0.0 || ^4.0.0"
      },
      "bin": {
        "loose-envify": "cli.js"
      }
    },
    "node_modules/react": {
      "version": "18.2.0",
      "resolved": "https://registry.npmjs.org/react/-/react-18.2.0.tgz",
      "integrity": "sha512-/3IjMdbBdnDYiConfig/ROV4Sj8cvO7pWPrBM2iXbXEBgVIwvNsBCUHQLahDroxft9ArAOR2yDTNDwmHL4g==",
      "dependencies": {
        "loose-envify": "^1.1.0"
      },
      "engines": {
        "node": ">=0.10.0"
      }
    },
    "node_modules/react-dom": {
      "version": "18.2.0",
      "resolved": "https://registry.npmjs.org/react-dom/-/react-dom-18.2.0.tgz",
      "integrity": "sha512-6IMTriUmvsjHUjNtEDudZfuDQUoWzZXh2r0S8Aa13/mX0fysGb3K12wJ+lJpM4vSAkC+9i2tmRqPBFQ4jUrCQ==",
      "dependencies": {
        "loose-envify": "^1.1.0",
        "scheduler": "^0.23.0"
      },
      "peerDependencies": {
        "react": "^18.2.0"
      }
    },
    "node_modules/react-scripts": {
      "version": "5.0.1",
      "resolved": "https://registry.npmjs.org/react-scripts/-/react-scripts-5.0.1.tgz",
      "integrity": "sha512-bASHEipyfDwe7fgo2wEDRRb4NNa+sbv5aBfVwV2Lg8wSt32W2EDr6/5eJdG3bls32w6rIZv+e+peS+y/ssw==",
      "dev": true,
      "dependencies": {
        "@babel/runtime": "7.17.9",
        "jest-watch-typeahead": "1.1.0"
      },
      "bin": {
        "react-scripts": "bin/react-scripts.js"
      },
      "engines": {
        "node": ">=14.0.0"
      },
      "peerDependencies": {
        "react": ">= 16",
        "typescript": "^3.2.1"
      },
      "peerDependenciesMeta": {
        "typescript": {
          "optional": true
        }
      }
    },
    "node_modules/scheduler": {
      "version": "0.23.0",
      "resolved": "https://registry.npmjs.org/scheduler/-/scheduler-0.23.0.tgz",
      "integrity": "sha512-CtuThmgHNg7zIZWAXi3AsyIzA3n4xx7aNyjwC2VJldO2LMVDh1uPIotDDfaeUuY6obvitMsLib/ApMACeMhsw==",
      "dependencies": {
        "loose-envify": "^1.1.0"
      }
    },
    "node_modules/tailwindcss": {
      "version": "3.3.3",
      "resolved": "https://registry.npmjs.org/tailwindcss/-/tailwindcss-3.3.3.tgz",
      "integrity": "sha512-mMd/9DQrHe8gB/P/Hk1b/wLU2djz2iMvjVb8o5qBwyYVw5L5whs2vrwBwzBcea7QvR8K2o+wGgStiE/s==",
      "dependencies": {
        "dlv": "^1.1.3",
        "fast-glob": "^3.3.0",
        "glob-parent": "^6.0.2",
        "is-glob": "^4.0.3",
        "minimist": "^1.2.8",
        "normalize-path": "^3.0.0",
        "object-hash": "^3.0.0",
        "picocolors": "^1.0.0",
        "postcss-import": "^15.1.0",
        "postcss-js": "^4.0.1",
        "postcss-nested": "^6.0.1",
        "postcss-selector-parser": "^6.0.13",
        "resolve": "^1.22.4",
        "sucrase": "^3.34.0"
      },
      "bin": {
        "tailwind": "lib/cli.js",
        "tailwindcss": "lib/cli.js"
      },
      "engines": {
        "node": ">=14.0.0"
      },
      "peerDependencies": {
        "postcss": "^8.0.0"
      }
    }
  }
}
